
Microsoft Visual Studio Solution File, Format Version 12.00
# Visual Studio 14
VisualStudioVersion = 14.0.25420.1
MinimumVisualStudioVersion = 10.0.40219.1
Project("{FAE04EC0-301F-11D3-BF4B-00C04F79EFBC}") = "CodeAssignment", "CodeAssignment\CodeAssignment.csproj", "{FC1DED41-0D5E-46BB-B997-E4975E3B56FE}"
EndProject
Project("{FAE04EC0-301F-11D3-BF4B-00C04F79EFBC}") = "CodeAssignmentTest", "CodeAssignmentTest\CodeAssignmentTest.csproj", "{6D9BB619-7BEF-418A-A101-3E52535F76B0}"
EndProject
Global
	GlobalSection(SolutionConfigurationPlatforms) = preSolution
		Debug|Any CPU = Debug|Any CPU
		Release|Any CPU = Release|Any CPU
	EndGlobalSection
	GlobalSection(ProjectConfigurationPlatforms) = postSolution
		{FC1DED41-0D5E-46BB-B997-E4975E3B56FE}.Debug|Any CPU.ActiveCfg = Debug|Any CPU
		{FC1DED41-0D5E-46BB-B997-E4975E3B56FE}.Debug|Any CPU.Build.0 = Debug|Any CPU
		{FC1DED41-0D5E-46BB-B997-E4975E3B56FE}.Release|Any CPU.ActiveCfg = Release|Any CPU
		{FC1DED41-0D5E-46BB-B997-E4975E3B56FE}.Release|Any CPU.Build.0 = Release|Any CPU
		{6D9BB619-7BEF-418A-A101-3E52535F76B0}.Debug|Any CPU.ActiveCfg = Debug|Any CPU
		{6D9BB619-7BEF-418A-A101-3E52535F76B0}.Debug|Any CPU.Build.0 = Debug|Any CPU
		{6D9BB619-7BEF-418A-A101-3E52535F76B0}.Release|Any CPU.ActiveCfg = Release|Any CPU
		{6D9BB619-7BEF-418A-A101-3E52535F76B0}.Release|Any CPU.Build.0 = Release|Any CPU
	EndGlobalSection
	GlobalSection(SolutionProperties) = preSolution
		HideSolutionNode = FALSE
	EndGlobalSection
EndGlobal
