
Microsoft Visual Studio Solution File, Format Version 12.00
# Visual Studio 14
VisualStudioVersion = 14.0.25420.1
MinimumVisualStudioVersion = 10.0.40219.1
Project("{FAE04EC0-301F-11D3-BF4B-00C04F79EFBC}") = "CodeAssignment", "CodeAssignment\CodeAssignment.csproj", "{FC1DED41-0D5E-46BB-B997-E4975E3B56FE}"
EndProject
Project("{2150E333-8FDC-42A3-9474-1A3956D46DE8}") = "RepoFiles", "RepoFiles", "{321DDE21-CF15-4C28-9F06-931A0AAF64EA}"
	ProjectSection(SolutionItems) = preProject
		RepoResources\ArchDiagram.png = RepoResources\ArchDiagram.png
		RepoResources\Bin.PNG = RepoResources\Bin.PNG
		RepoResources\cmd1.PNG = RepoResources\cmd1.PNG
		RepoResources\cmd2.PNG = RepoResources\cmd2.PNG
		RepoResources\cmd3.PNG = RepoResources\cmd3.PNG
		RepoResources\Fixedpath.PNG = RepoResources\Fixedpath.PNG
		RepoResources\TextFile1.txt = RepoResources\TextFile1.txt
	EndProjectSection
EndProject
Project("{FAE04EC0-301F-11D3-BF4B-00C04F79EFBC}") = "CodeAssignmentTests", "CodeAssignmentTests\CodeAssignmentTests.csproj", "{B54356D4-A990-471F-B47B-979BA0BAC61B}"
EndProject
Global
	GlobalSection(SolutionConfigurationPlatforms) = preSolution
		Debug|Any CPU = Debug|Any CPU
		Release|Any CPU = Release|Any CPU
	EndGlobalSection
	GlobalSection(ProjectConfigurationPlatforms) = postSolution
		{FC1DED41-0D5E-46BB-B997-E4975E3B56FE}.Debug|Any CPU.ActiveCfg = Debug|Any CPU
		{FC1DED41-0D5E-46BB-B997-E4975E3B56FE}.Debug|Any CPU.Build.0 = Debug|Any CPU
		{FC1DED41-0D5E-46BB-B997-E4975E3B56FE}.Release|Any CPU.ActiveCfg = Release|Any CPU
		{FC1DED41-0D5E-46BB-B997-E4975E3B56FE}.Release|Any CPU.Build.0 = Release|Any CPU
		{B54356D4-A990-471F-B47B-979BA0BAC61B}.Debug|Any CPU.ActiveCfg = Debug|Any CPU
		{B54356D4-A990-471F-B47B-979BA0BAC61B}.Debug|Any CPU.Build.0 = Debug|Any CPU
		{B54356D4-A990-471F-B47B-979BA0BAC61B}.Release|Any CPU.ActiveCfg = Release|Any CPU
		{B54356D4-A990-471F-B47B-979BA0BAC61B}.Release|Any CPU.Build.0 = Release|Any CPU
	EndGlobalSection
	GlobalSection(SolutionProperties) = preSolution
		HideSolutionNode = FALSE
	EndGlobalSection
EndGlobal
